# THIS IS AN AUTOGENERATED FILE. DO NOT EDIT THIS FILE DIRECTLY.
# yarn lockfile v1


bobril-m-icons@*:
  version "2.1.0"
  resolved "https://registry.yarnpkg.com/bobril-m-icons/-/bobril-m-icons-2.1.0.tgz#32f81d515a7faf71f857a2ed1b637ec566f4161f"
  integrity sha1-MvgdUVp/r3H4V6LtG2N+xWb0Fh8=
  dependencies:
    bobril "*"

bobril-m@*:
  version "0.16.0"
  resolved "https://registry.yarnpkg.com/bobril-m/-/bobril-m-0.16.0.tgz#528ffa31dd4279924a828273f66ec663934909de"
  integrity sha512-8xFr51EFqVL20WaGG3Ll59cOhtIMD7v3hSDQctCrx7laSh9iiwreD8hkP+AzpxBbEZYsFNU+99wPAM6/ymMuag==
  dependencies:
    bobril "*"
    bobril-m-icons "*"

bobril@*:
  version "17.13.1"
  resolved "https://registry.yarnpkg.com/bobril/-/bobril-17.13.1.tgz#892316dbee762a863b435dd72021fb5b503490d1"
  integrity sha512-liIqxDFWZR5RdTR7OPsbLX47yiH6iHjefsIJZ89/6Wz7+OSUsNUJbTrVAFov7ZlHFIb+vccysk0nwjVn2+bABw==

typescript-collections@*:
  version "1.3.3"
  resolved "https://registry.yarnpkg.com/typescript-collections/-/typescript-collections-1.3.3.tgz#62d50d93c018c094d425eabee649f00ec5cc0fea"
  integrity sha512-7sI4e/bZijOzyURng88oOFZCISQPTHozfE2sUu5AviFYk5QV7fYGb6YiDl+vKjF/pICA354JImBImL9XJWUvdQ==
